
Microsoft Visual Studio Solution File, Format Version 9.00
# Visual Studio 2005
Project("{8BC9CEB8-8B4A-11D0-8D11-00A0C91BC942}") = "FireBreathWin", "FireBreathWin\FireBreathWin_vs2005.vcproj", "{ACEEC3E6-8C52-4CBE-A19C-8B9ED50E0212}"
	ProjectSection(ProjectDependencies) = postProject
		{30C586C0-3B6B-4108-9405-58673BC8D7E2} = {30C586C0-3B6B-4108-9405-58673BC8D7E2}
		{CC7DAD52-9FB4-46B0-80B8-BA17C0BCC802} = {CC7DAD52-9FB4-46B0-80B8-BA17C0BCC802}
		{20B7643F-01C4-43A1-971C-0879F41FE69C} = {20B7643F-01C4-43A1-971C-0879F41FE69C}
		{85ABB24D-674B-4B69-8AF6-1C9B43C5F751} = {85ABB24D-674B-4B69-8AF6-1C9B43C5F751}
	EndProjectSection
EndProject
Project("{8BC9CEB8-8B4A-11D0-8D11-00A0C91BC942}") = "ActiveXPlugin", "ActiveXPlugin\ActiveXPlugin_vs2005.vcproj", "{85ABB24D-674B-4B69-8AF6-1C9B43C5F751}"
EndProject
Project("{8BC9CEB8-8B4A-11D0-8D11-00A0C91BC942}") = "NPAPIHost", "NPAPIHost\NPAPIHost_vs2005.vcproj", "{20B7643F-01C4-43A1-971C-0879F41FE69C}"
EndProject
Project("{8BC9CEB8-8B4A-11D0-8D11-00A0C91BC942}") = "NpapiPlugin", "NpapiPlugin\NpapiPlugin_vs2005.vcproj", "{CC7DAD52-9FB4-46B0-80B8-BA17C0BCC802}"
EndProject
Project("{8BC9CEB8-8B4A-11D0-8D11-00A0C91BC942}") = "NpapiPluginTest", "NpapiPluginTest\NpapiPluginTest_vs2005.vcproj", "{FAD0B8CD-38B4-4AD4-80F9-4D5E1EBF7894}"
EndProject
Project("{8BC9CEB8-8B4A-11D0-8D11-00A0C91BC942}") = "ScriptingCore", "ScriptingCore\ScriptingCore_vs2005.vcproj", "{30C586C0-3B6B-4108-9405-58673BC8D7E2}"
EndProject
Project("{8BC9CEB8-8B4A-11D0-8D11-00A0C91BC942}") = "ScriptingCoreTest", "ScriptingCoreTest\ScriptingCoreTest_vs2005.vcproj", "{971550E3-DCCE-4A41-B4B8-56B214B3EC21}"
EndProject
Global
	GlobalSection(SolutionConfigurationPlatforms) = preSolution
		Debug|Win32 = Debug|Win32
		Release|Win32 = Release|Win32
	EndGlobalSection
	GlobalSection(ProjectConfigurationPlatforms) = postSolution
		{ACEEC3E6-8C52-4CBE-A19C-8B9ED50E0212}.Debug|Win32.ActiveCfg = Debug|Win32
		{ACEEC3E6-8C52-4CBE-A19C-8B9ED50E0212}.Debug|Win32.Build.0 = Debug|Win32
		{ACEEC3E6-8C52-4CBE-A19C-8B9ED50E0212}.Release|Win32.ActiveCfg = Release|Win32
		{ACEEC3E6-8C52-4CBE-A19C-8B9ED50E0212}.Release|Win32.Build.0 = Release|Win32
		{85ABB24D-674B-4B69-8AF6-1C9B43C5F751}.Debug|Win32.ActiveCfg = Debug|Win32
		{85ABB24D-674B-4B69-8AF6-1C9B43C5F751}.Debug|Win32.Build.0 = Debug|Win32
		{85ABB24D-674B-4B69-8AF6-1C9B43C5F751}.Release|Win32.ActiveCfg = Release|Win32
		{85ABB24D-674B-4B69-8AF6-1C9B43C5F751}.Release|Win32.Build.0 = Release|Win32
		{20B7643F-01C4-43A1-971C-0879F41FE69C}.Debug|Win32.ActiveCfg = Debug|Win32
		{20B7643F-01C4-43A1-971C-0879F41FE69C}.Debug|Win32.Build.0 = Debug|Win32
		{20B7643F-01C4-43A1-971C-0879F41FE69C}.Release|Win32.ActiveCfg = Release|Win32
		{20B7643F-01C4-43A1-971C-0879F41FE69C}.Release|Win32.Build.0 = Release|Win32
		{CC7DAD52-9FB4-46B0-80B8-BA17C0BCC802}.Debug|Win32.ActiveCfg = Debug|Win32
		{CC7DAD52-9FB4-46B0-80B8-BA17C0BCC802}.Debug|Win32.Build.0 = Debug|Win32
		{CC7DAD52-9FB4-46B0-80B8-BA17C0BCC802}.Release|Win32.ActiveCfg = Release|Win32
		{CC7DAD52-9FB4-46B0-80B8-BA17C0BCC802}.Release|Win32.Build.0 = Release|Win32
		{FAD0B8CD-38B4-4AD4-80F9-4D5E1EBF7894}.Debug|Win32.ActiveCfg = Debug|Win32
		{FAD0B8CD-38B4-4AD4-80F9-4D5E1EBF7894}.Debug|Win32.Build.0 = Debug|Win32
		{FAD0B8CD-38B4-4AD4-80F9-4D5E1EBF7894}.Release|Win32.ActiveCfg = Release|Win32
		{FAD0B8CD-38B4-4AD4-80F9-4D5E1EBF7894}.Release|Win32.Build.0 = Release|Win32
		{30C586C0-3B6B-4108-9405-58673BC8D7E2}.Debug|Win32.ActiveCfg = Debug|Win32
		{30C586C0-3B6B-4108-9405-58673BC8D7E2}.Debug|Win32.Build.0 = Debug|Win32
		{30C586C0-3B6B-4108-9405-58673BC8D7E2}.Release|Win32.ActiveCfg = Release|Win32
		{30C586C0-3B6B-4108-9405-58673BC8D7E2}.Release|Win32.Build.0 = Release|Win32
		{971550E3-DCCE-4A41-B4B8-56B214B3EC21}.Debug|Win32.ActiveCfg = Debug|Win32
		{971550E3-DCCE-4A41-B4B8-56B214B3EC21}.Debug|Win32.Build.0 = Debug|Win32
		{971550E3-DCCE-4A41-B4B8-56B214B3EC21}.Release|Win32.ActiveCfg = Release|Win32
		{971550E3-DCCE-4A41-B4B8-56B214B3EC21}.Release|Win32.Build.0 = Release|Win32
	EndGlobalSection
	GlobalSection(SolutionProperties) = preSolution
		HideSolutionNode = FALSE
	EndGlobalSection
EndGlobal
